
Microsoft Visual Studio Solution File, Format Version 12.00
# Visual Studio 2012
Project("{FAE04EC0-301F-11D3-BF4B-00C04F79EFBC}") = "SMTP Client", "SMTP Client\SMTP Client.csproj", "{B697F721-F75B-45B4-B791-7FFC9E0A46B6}"
EndProject
Global
	GlobalSection(SolutionConfigurationPlatforms) = preSolution
		Debug|Any CPU = Debug|Any CPU
		Release|Any CPU = Release|Any CPU
	EndGlobalSection
	GlobalSection(ProjectConfigurationPlatforms) = postSolution
		{B697F721-F75B-45B4-B791-7FFC9E0A46B6}.Debug|Any CPU.ActiveCfg = Debug|Any CPU
		{B697F721-F75B-45B4-B791-7FFC9E0A46B6}.Debug|Any CPU.Build.0 = Debug|Any CPU
		{B697F721-F75B-45B4-B791-7FFC9E0A46B6}.Release|Any CPU.ActiveCfg = Release|Any CPU
		{B697F721-F75B-45B4-B791-7FFC9E0A46B6}.Release|Any CPU.Build.0 = Release|Any CPU
	EndGlobalSection
	GlobalSection(SolutionProperties) = preSolution
		HideSolutionNode = FALSE
	EndGlobalSection
EndGlobal
